
Microsoft Visual Studio Solution File, Format Version 12.00
# Visual Studio 15
VisualStudioVersion = 15.0.27703.2035
MinimumVisualStudioVersion = 10.0.40219.1
Project("{FAE04EC0-301F-11D3-BF4B-00C04F79EFBC}") = "M2MReader", "M2MReader\M2MReader.csproj", "{373C7720-31E6-4836-B7FE-5F0C40893903}"
EndProject
Global
	GlobalSection(SolutionConfigurationPlatforms) = preSolution
		Debug|Any CPU = Debug|Any CPU
		Release|Any CPU = Release|Any CPU
	EndGlobalSection
	GlobalSection(ProjectConfigurationPlatforms) = postSolution
		{373C7720-31E6-4836-B7FE-5F0C40893903}.Debug|Any CPU.ActiveCfg = Debug|Any CPU
		{373C7720-31E6-4836-B7FE-5F0C40893903}.Debug|Any CPU.Build.0 = Debug|Any CPU
		{373C7720-31E6-4836-B7FE-5F0C40893903}.Release|Any CPU.ActiveCfg = Release|Any CPU
		{373C7720-31E6-4836-B7FE-5F0C40893903}.Release|Any CPU.Build.0 = Release|Any CPU
	EndGlobalSection
	GlobalSection(SolutionProperties) = preSolution
		HideSolutionNode = FALSE
	EndGlobalSection
	GlobalSection(ExtensibilityGlobals) = postSolution
		SolutionGuid = {7EACB5D1-8F4A-46DE-A15C-B8C3D385847B}
	EndGlobalSection
EndGlobal
